{
  "name": "danilouli-github-io",
  "lockfileVersion": 3,
  "requires": true,
  "packages": {
    "": {
      "name": "danilouli-github-io",
      "dependencies": {
        "@lumpcode/cli-utils": "^0.5.0",
        "@lumpcode/recipes": "^0.5.0"
      }
    },
    "node_modules/@lumpcode/cli-types": {
      "version": "0.5.0",
      "resolved": "https://registry.npmjs.org/@lumpcode/cli-types/-/cli-types-0.5.0.tgz",
      "integrity": "sha512-L5FYE8ZcPhE9X/lWArS7iEiy9XuoFeDexulQblVajmefgEz6ZwOmGqHLZ5b26tVEjulUsRv6IkLvmdTEZ8RUVA==",
      "license": "Apache-2.0",
      "dependencies": {
        "@lumpcode/core": "^0.5.0"
      }
    },
    "node_modules/@lumpcode/cli-utils": {
      "version": "0.5.0",
      "resolved": "https://registry.npmjs.org/@lumpcode/cli-utils/-/cli-utils-0.5.0.tgz",
      "integrity": "sha512-KViInJZxhsVI8ykBawBrN2K4S7hPMg/8F8RvJGBY2o931boGZv9AK3z3BVhzWFzlfhOoC6EfcII/YPgeQh8tug==",
      "license": "Apache-2.0",
      "dependencies": {
        "@lumpcode/cli-types": "^0.5.0",
        "@lumpcode/core": "^0.5.0",
        "js-yaml": "^5.0.0"
      }
    },
    "node_modules/@lumpcode/core": {
      "version": "0.5.0",
      "resolved": "https://registry.npmjs.org/@lumpcode/core/-/core-0.5.0.tgz",
      "integrity": "sha512-K3oAoKDoIIiQnmrv1FxPQn/PtfE37L1+Xd3jh/17smyC9WsQOKp8zBNh11nkdNvcD/TRt4dXxm7gvtrX1aD4kA==",
      "license": "Apache-2.0",
      "dependencies": {
        "ignore": "^7.0.5",
        "js-yaml": "^5.0.0"
      },
      "engines": {
        "node": ">=22"
      }
    },
    "node_modules/@lumpcode/recipes": {
      "version": "0.5.0",
      "resolved": "https://registry.npmjs.org/@lumpcode/recipes/-/recipes-0.5.0.tgz",
      "integrity": "sha512-ru/shlaGbMRx7xeT2kGf3NR7vZpvnupI+vy5MZ+jSNz+A2vleWQsgOOSIwx9dyWmb1xBlLyWCaF9Ws47qJWIpg==",
      "license": "Apache-2.0",
      "dependencies": {
        "@lumpcode/cli-utils": "^0.5.0",
        "@lumpcode/core": "^0.5.0",
        "js-yaml": "^5.0.0"
      }
    },
    "node_modules/argparse": {
      "version": "2.0.1",
      "resolved": "https://registry.npmjs.org/argparse/-/argparse-2.0.1.tgz",
      "integrity": "sha512-8+9WqebbFzpX9OR+Wa6O29asIogeRMzcGtAINdpMHHyAg10f05aSFVBbcEqGf/PXw1EjAZ+q2/bEBg3DvurK3Q==",
      "license": "Python-2.0"
    },
    "node_modules/ignore": {
      "version": "7.0.9",
      "resolved": "https://registry.npmjs.org/ignore/-/ignore-7.0.9.tgz",
      "integrity": "sha512-brTTsvFRt5C1gGHtPst/281UjPD5t9fBqbgoMPlVWy11ZLTPfu7HxK4ZYqO9H7o/yC9rSTCI85EaQ4OoY12qYw==",
      "license": "MIT",
      "engines": {
        "node": ">= 4"
      }
    },
    "node_modules/js-yaml": {
      "version": "5.4.2",
      "resolved": "https://registry.npmjs.org/js-yaml/-/js-yaml-5.4.2.tgz",
      "integrity": "sha512-m+aqu+LwO1O6sIopafj8HUVl5aawITwZQe/yHpMCKjaWBaA/d07B/QdMb3529REftiU+RMMHL3Vlsw3hON7vWg==",
      "funding": [
        {
          "type": "github",
          "url": "https://github.com/sponsors/puzrin"
        },
        {
          "type": "github",
          "url": "https://github.com/sponsors/nodeca"
        }
      ],
      "license": "MIT",
      "dependencies": {
        "argparse": "^2.0.1"
      },
      "bin": {
        "js-yaml": "bin/js-yaml.mjs"
      }
    }
  }
}
